
Microsoft Visual Studio Solution File, Format Version 12.00
# Visual Studio Version 17
VisualStudioVersion = 17.6.33513.286
MinimumVisualStudioVersion = 10.0.40219.1
Project("{FAE04EC0-301F-11D3-BF4B-00C04F79EFBC}") = "MauiCameraMauiBarcodeSample", "MauiCameraMauiBarcodeSample\MauiCameraMauiBarcodeSample.csproj", "{BC4FA430-32B4-4BB7-BAA2-1731DC7FBBBF}"
EndProject
Global
	GlobalSection(SolutionConfigurationPlatforms) = preSolution
		Debug|Any CPU = Debug|Any CPU
		Release|Any CPU = Release|Any CPU
	EndGlobalSection
	GlobalSection(ProjectConfigurationPlatforms) = postSolution
		{BC4FA430-32B4-4BB7-BAA2-1731DC7FBBBF}.Debug|Any CPU.ActiveCfg = Debug|Any CPU
		{BC4FA430-32B4-4BB7-BAA2-1731DC7FBBBF}.Debug|Any CPU.Build.0 = Debug|Any CPU
		{BC4FA430-32B4-4BB7-BAA2-1731DC7FBBBF}.Debug|Any CPU.Deploy.0 = Debug|Any CPU
		{BC4FA430-32B4-4BB7-BAA2-1731DC7FBBBF}.Release|Any CPU.ActiveCfg = Release|Any CPU
		{BC4FA430-32B4-4BB7-BAA2-1731DC7FBBBF}.Release|Any CPU.Build.0 = Release|Any CPU
		{BC4FA430-32B4-4BB7-BAA2-1731DC7FBBBF}.Release|Any CPU.Deploy.0 = Release|Any CPU
	EndGlobalSection
	GlobalSection(SolutionProperties) = preSolution
		HideSolutionNode = FALSE
	EndGlobalSection
	GlobalSection(ExtensibilityGlobals) = postSolution
		SolutionGuid = {045860B9-1448-4759-811E-F937142FDC87}
	EndGlobalSection
EndGlobal
